// !$*UTF8*$!
{
	archiveVersion = 1;
	classes = {
	};
	objectVersion = 46;
	objects = {

/* Begin PBXBuildFile section */
		272B4F101C99FB5400F91A37 /* main.m in Sources */ = {isa = PBXBuildFile; fileRef = 272B4F0F1C99FB5400F91A37 /* main.m */; };
		272B4F191C99FB5400F91A37 /* Main.storyboard in Resources */ = {isa = PBXBuildFile; fileRef = 272B4F171C99FB5400F91A37 /* Main.storyboard */; };
		272B4F1B1C99FB5400F91A37 /* Assets.xcassets in Resources */ = {isa = PBXBuildFile; fileRef = 272B4F1A1C99FB5400F91A37 /* Assets.xcassets */; };
		272B4F1E1C99FB5400F91A37 /* LaunchScreen.storyboard in Resources */ = {isa = PBXBuildFile; fileRef = 272B4F1C1C99FB5400F91A37 /* LaunchScreen.storyboard */; };
		272B4F291C99FB5400F91A37 /* ArtistTests.m in Sources */ = {isa = PBXBuildFile; fileRef = 272B4F281C99FB5400F91A37 /* ArtistTests.m */; };
		272B4F341C99FB5400F91A37 /* ArtistUITests.m in Sources */ = {isa = PBXBuildFile; fileRef = 272B4F331C99FB5400F91A37 /* ArtistUITests.m */; };
		272B4F491C99FCE800F91A37 /* ViewController.m in Sources */ = {isa = PBXBuildFile; fileRef = 272B4F431C99FCE800F91A37 /* ViewController.m */; };
		272B4F4A1C99FCE800F91A37 /* AppDelegate.m in Sources */ = {isa = PBXBuildFile; fileRef = 272B4F471C99FCE800F91A37 /* AppDelegate.m */; };
		272B4F4D1C9A02D100F91A37 /* YFArticleModel.m in Sources */ = {isa = PBXBuildFile; fileRef = 272B4F4C1C9A02D100F91A37 /* YFArticleModel.m */; };
		272B4F4F1C9A046B00F91A37 /* articles.plist in Resources */ = {isa = PBXBuildFile; fileRef = 272B4F4E1C9A046B00F91A37 /* articles.plist */; };
		272B4F521C9A09DC00F91A37 /* YFArticleCell.m in Sources */ = {isa = PBXBuildFile; fileRef = 272B4F511C9A09DC00F91A37 /* YFArticleCell.m */; };
		272B4F551C9A5F2E00F91A37 /* YFSliderView.m in Sources */ = {isa = PBXBuildFile; fileRef = 272B4F541C9A5F2E00F91A37 /* YFSliderView.m */; };
		272B4F651C9B484300F91A37 /* YFArticleViewController.m in Sources */ = {isa = PBXBuildFile; fileRef = 272B4F641C9B484300F91A37 /* YFArticleViewController.m */; };
		272B4F6B1C9C7DC700F91A37 /* YFDetailArticleModel.m in Sources */ = {isa = PBXBuildFile; fileRef = 272B4F6A1C9C7DC700F91A37 /* YFDetailArticleModel.m */; };
		272B4F6D1C9C8C1F00F91A37 /* detailArticles.plist in Resources */ = {isa = PBXBuildFile; fileRef = 272B4F6C1C9C8C1F00F91A37 /* detailArticles.plist */; };
		272B503B1C9F497100F91A37 /* YFArticleListViewController.m in Sources */ = {isa = PBXBuildFile; fileRef = 272B503A1C9F497100F91A37 /* YFArticleListViewController.m */; };
/* End PBXBuildFile section */

/* Begin PBXContainerItemProxy section */
		272B4F251C99FB5400F91A37 /* PBXContainerItemProxy */ = {
			isa = PBXContainerItemProxy;
			containerPortal = 272B4F031C99FB5400F91A37 /* Project object */;
			proxyType = 1;
			remoteGlobalIDString = 272B4F0A1C99FB5400F91A37;
			remoteInfo = Artist;
		};
		272B4F301C99FB5400F91A37 /* PBXContainerItemProxy */ = {
			isa = PBXContainerItemProxy;
			containerPortal = 272B4F031C99FB5400F91A37 /* Project object */;
			proxyType = 1;
			remoteGlobalIDString = 272B4F0A1C99FB5400F91A37;
			remoteInfo = Artist;
		};
/* End PBXContainerItemProxy section */

/* Begin PBXFileReference section */
		272B4F0B1C99FB5400F91A37 /* Artist.app */ = {isa = PBXFileReference; explicitFileType = wrapper.application; includeInIndex = 0; path = Artist.app; sourceTree = BUILT_PRODUCTS_DIR; };
		272B4F0F1C99FB5400F91A37 /* main.m */ = {isa = PBXFileReference; lastKnownFileType = sourcecode.c.objc; path = main.m; sourceTree = "<group>"; };
		272B4F181C99FB5400F91A37 /* Base */ = {isa = PBXFileReference; lastKnownFileType = file.storyboard; name = Base; path = Base.lproj/Main.storyboard; sourceTree = "<group>"; };
		272B4F1A1C99FB5400F91A37 /* Assets.xcassets */ = {isa = PBXFileReference; lastKnownFileType = folder.assetcatalog; path = Assets.xcassets; sourceTree = "<group>"; };
		272B4F1D1C99FB5400F91A37 /* Base */ = {isa = PBXFileReference; lastKnownFileType = file.storyboard; name = Base; path = Base.lproj/LaunchScreen.storyboard; sourceTree = "<group>"; };
		272B4F1F1C99FB5400F91A37 /* Info.plist */ = {isa = PBXFileReference; lastKnownFileType = text.plist.xml; path = Info.plist; sourceTree = "<group>"; };
		272B4F241C99FB5400F91A37 /* ArtistTests.xctest */ = {isa = PBXFileReference; explicitFileType = wrapper.cfbundle; includeInIndex = 0; path = ArtistTests.xctest; sourceTree = BUILT_PRODUCTS_DIR; };
		272B4F281C99FB5400F91A37 /* ArtistTests.m */ = {isa = PBXFileReference; lastKnownFileType = sourcecode.c.objc; path = ArtistTests.m; sourceTree = "<group>"; };
		272B4F2A1C99FB5400F91A37 /* Info.plist */ = {isa = PBXFileReference; lastKnownFileType = text.plist.xml; path = Info.plist; sourceTree = "<group>"; };
		272B4F2F1C99FB5400F91A37 /* ArtistUITests.xctest */ = {isa = PBXFileReference; explicitFileType = wrapper.cfbundle; includeInIndex = 0; path = ArtistUITests.xctest; sourceTree = BUILT_PRODUCTS_DIR; };
		272B4F331C99FB5400F91A37 /* ArtistUITests.m */ = {isa = PBXFileReference; lastKnownFileType = sourcecode.c.objc; path = ArtistUITests.m; sourceTree = "<group>"; };
		272B4F351C99FB5400F91A37 /* Info.plist */ = {isa = PBXFileReference; lastKnownFileType = text.plist.xml; path = Info.plist; sourceTree = "<group>"; };
		272B4F421C99FCE800F91A37 /* ViewController.h */ = {isa = PBXFileReference; fileEncoding = 4; lastKnownFileType = sourcecode.c.h; path = ViewController.h; sourceTree = "<group>"; };
		272B4F431C99FCE800F91A37 /* ViewController.m */ = {isa = PBXFileReference; fileEncoding = 4; lastKnownFileType = sourcecode.c.objc; path = ViewController.m; sourceTree = "<group>"; };
		272B4F461C99FCE800F91A37 /* AppDelegate.h */ = {isa = PBXFileReference; fileEncoding = 4; lastKnownFileType = sourcecode.c.h; path = AppDelegate.h; sourceTree = "<group>"; };
		272B4F471C99FCE800F91A37 /* AppDelegate.m */ = {isa = PBXFileReference; fileEncoding = 4; lastKnownFileType = sourcecode.c.objc; path = AppDelegate.m; sourceTree = "<group>"; };
		272B4F4B1C9A02D100F91A37 /* YFArticleModel.h */ = {isa = PBXFileReference; fileEncoding = 4; lastKnownFileType = sourcecode.c.h; path = YFArticleModel.h; sourceTree = "<group>"; };
		272B4F4C1C9A02D100F91A37 /* YFArticleModel.m */ = {isa = PBXFileReference; fileEncoding = 4; lastKnownFileType = sourcecode.c.objc; path = YFArticleModel.m; sourceTree = "<group>"; };
		272B4F4E1C9A046B00F91A37 /* articles.plist */ = {isa = PBXFileReference; fileEncoding = 4; lastKnownFileType = text.plist.xml; path = articles.plist; sourceTree = "<group>"; };
		272B4F501C9A09DC00F91A37 /* YFArticleCell.h */ = {isa = PBXFileReference; fileEncoding = 4; lastKnownFileType = sourcecode.c.h; path = YFArticleCell.h; sourceTree = "<group>"; };
		272B4F511C9A09DC00F91A37 /* YFArticleCell.m */ = {isa = PBXFileReference; fileEncoding = 4; lastKnownFileType = sourcecode.c.objc; path = YFArticleCell.m; sourceTree = "<group>"; };
		272B4F531C9A5F2E00F91A37 /* YFSliderView.h */ = {isa = PBXFileReference; fileEncoding = 4; lastKnownFileType = sourcecode.c.h; path = YFSliderView.h; sourceTree = "<group>"; };
		272B4F541C9A5F2E00F91A37 /* YFSliderView.m */ = {isa = PBXFileReference; fileEncoding = 4; lastKnownFileType = sourcecode.c.objc; path = YFSliderView.m; sourceTree = "<group>"; };
		272B4F571C9A721900F91A37 /* constant.h */ = {isa = PBXFileReference; fileEncoding = 4; lastKnownFileType = sourcecode.c.h; path = constant.h; sourceTree = "<group>"; };
		272B4F631C9B484300F91A37 /* YFArticleViewController.h */ = {isa = PBXFileReference; fileEncoding = 4; lastKnownFileType = sourcecode.c.h; path = YFArticleViewController.h; sourceTree = "<group>"; };
		272B4F641C9B484300F91A37 /* YFArticleViewController.m */ = {isa = PBXFileReference; fileEncoding = 4; lastKnownFileType = sourcecode.c.objc; path = YFArticleViewController.m; sourceTree = "<group>"; };
		272B4F691C9C7DC700F91A37 /* YFDetailArticleModel.h */ = {isa = PBXFileReference; fileEncoding = 4; lastKnownFileType = sourcecode.c.h; path = YFDetailArticleModel.h; sourceTree = "<group>"; };
		272B4F6A1C9C7DC700F91A37 /* YFDetailArticleModel.m */ = {isa = PBXFileReference; fileEncoding = 4; lastKnownFileType = sourcecode.c.objc; path = YFDetailArticleModel.m; sourceTree = "<group>"; };
		272B4F6C1C9C8C1F00F91A37 /* detailArticles.plist */ = {isa = PBXFileReference; fileEncoding = 4; lastKnownFileType = text.plist.xml; path = detailArticles.plist; sourceTree = "<group>"; };
		272B50391C9F497100F91A37 /* YFArticleListViewController.h */ = {isa = PBXFileReference; fileEncoding = 4; lastKnownFileType = sourcecode.c.h; path = YFArticleListViewController.h; sourceTree = "<group>"; };
		272B503A1C9F497100F91A37 /* YFArticleListViewController.m */ = {isa = PBXFileReference; fileEncoding = 4; lastKnownFileType = sourcecode.c.objc; path = YFArticleListViewController.m; sourceTree = "<group>"; };
/* End PBXFileReference section */

/* Begin PBXFrameworksBuildPhase section */
		272B4F081C99FB5400F91A37 /* Frameworks */ = {
			isa = PBXFrameworksBuildPhase;
			buildActionMask = 2147483647;
			files = (
			);
			runOnlyForDeploymentPostprocessing = 0;
		};
		272B4F211C99FB5400F91A37 /* Frameworks */ = {
			isa = PBXFrameworksBuildPhase;
			buildActionMask = 2147483647;
			files = (
			);
			runOnlyForDeploymentPostprocessing = 0;
		};
		272B4F2C1C99FB5400F91A37 /* Frameworks */ = {
			isa = PBXFrameworksBuildPhase;
			buildActionMask = 2147483647;
			files = (
			);
			runOnlyForDeploymentPostprocessing = 0;
		};
/* End PBXFrameworksBuildPhase section */

/* Begin PBXGroup section */
		272B4F021C99FB5400F91A37 = {
			isa = PBXGroup;
			children = (
				272B4F0D1C99FB5400F91A37 /* Artist */,
				272B4F271C99FB5400F91A37 /* ArtistTests */,
				272B4F321C99FB5400F91A37 /* ArtistUITests */,
				272B4F0C1C99FB5400F91A37 /* Products */,
			);
			sourceTree = "<group>";
		};
		272B4F0C1C99FB5400F91A37 /* Products */ = {
			isa = PBXGroup;
			children = (
				272B4F0B1C99FB5400F91A37 /* Artist.app */,
				272B4F241C99FB5400F91A37 /* ArtistTests.xctest */,
				272B4F2F1C99FB5400F91A37 /* ArtistUITests.xctest */,
			);
			name = Products;
			sourceTree = "<group>";
		};
		272B4F0D1C99FB5400F91A37 /* Artist */ = {
			isa = PBXGroup;
			children = (
				272B4F441C99FCE800F91A37 /* Model */,
				272B4F411C99FCE800F91A37 /* Class */,
				272B4F481C99FCE800F91A37 /* View */,
				272B4F451C99FCE800F91A37 /* Other */,
				272B4F0E1C99FB5400F91A37 /* Supporting Files */,
			);
			path = Artist;
			sourceTree = "<group>";
		};
		272B4F0E1C99FB5400F91A37 /* Supporting Files */ = {
			isa = PBXGroup;
			children = (
				272B4F1F1C99FB5400F91A37 /* Info.plist */,
				272B4F1C1C99FB5400F91A37 /* LaunchScreen.storyboard */,
				272B4F1A1C99FB5400F91A37 /* Assets.xcassets */,
				272B4F171C99FB5400F91A37 /* Main.storyboard */,
				272B4F0F1C99FB5400F91A37 /* main.m */,
				272B4F4E1C9A046B00F91A37 /* articles.plist */,
				272B4F6C1C9C8C1F00F91A37 /* detailArticles.plist */,
			);
			name = "Supporting Files";
			sourceTree = "<group>";
		};
		272B4F271C99FB5400F91A37 /* ArtistTests */ = {
			isa = PBXGroup;
			children = (
				272B4F281C99FB5400F91A37 /* ArtistTests.m */,
				272B4F2A1C99FB5400F91A37 /* Info.plist */,
			);
			path = ArtistTests;
			sourceTree = "<group>";
		};
		272B4F321C99FB5400F91A37 /* ArtistUITests */ = {
			isa = PBXGroup;
			children = (
				272B4F331C99FB5400F91A37 /* ArtistUITests.m */,
				272B4F351C99FB5400F91A37 /* Info.plist */,
			);
			path = ArtistUITests;
			sourceTree = "<group>";
		};
		272B4F411C99FCE800F91A37 /* Class */ = {
			isa = PBXGroup;
			children = (
				272B4F421C99FCE800F91A37 /* ViewController.h */,
				272B4F431C99FCE800F91A37 /* ViewController.m */,
				272B50391C9F497100F91A37 /* YFArticleListViewController.h */,
				272B503A1C9F497100F91A37 /* YFArticleListViewController.m */,
				272B4F631C9B484300F91A37 /* YFArticleViewController.h */,
				272B4F641C9B484300F91A37 /* YFArticleViewController.m */,
			);
			path = Class;
			sourceTree = "<group>";
		};
		272B4F441C99FCE800F91A37 /* Model */ = {
			isa = PBXGroup;
			children = (
				272B4F4B1C9A02D100F91A37 /* YFArticleModel.h */,
				272B4F4C1C9A02D100F91A37 /* YFArticleModel.m */,
				272B4F691C9C7DC700F91A37 /* YFDetailArticleModel.h */,
				272B4F6A1C9C7DC700F91A37 /* YFDetailArticleModel.m */,
			);
			path = Model;
			sourceTree = "<group>";
		};
		272B4F451C99FCE800F91A37 /* Other */ = {
			isa = PBXGroup;
			children = (
				272B4F461C99FCE800F91A37 /* AppDelegate.h */,
				272B4F471C99FCE800F91A37 /* AppDelegate.m */,
				272B4F571C9A721900F91A37 /* constant.h */,
			);
			path = Other;
			sourceTree = "<group>";
		};
		272B4F481C99FCE800F91A37 /* View */ = {
			isa = PBXGroup;
			children = (
				272B4F501C9A09DC00F91A37 /* YFArticleCell.h */,
				272B4F511C9A09DC00F91A37 /* YFArticleCell.m */,
				272B4F531C9A5F2E00F91A37 /* YFSliderView.h */,
				272B4F541C9A5F2E00F91A37 /* YFSliderView.m */,
			);
			path = View;
			sourceTree = "<group>";
		};
/* End PBXGroup section */

/* Begin PBXNativeTarget section */
		272B4F0A1C99FB5400F91A37 /* Artist */ = {
			isa = PBXNativeTarget;
			buildConfigurationList = 272B4F381C99FB5400F91A37 /* Build configuration list for PBXNativeTarget "Artist" */;
			buildPhases = (
				272B4F071C99FB5400F91A37 /* Sources */,
				272B4F081C99FB5400F91A37 /* Frameworks */,
				272B4F091C99FB5400F91A37 /* Resources */,
			);
			buildRules = (
			);
			dependencies = (
			);
			name = Artist;
			productName = Artist;
			productReference = 272B4F0B1C99FB5400F91A37 /* Artist.app */;
			productType = "com.apple.product-type.application";
		};
		272B4F231C99FB5400F91A37 /* ArtistTests */ = {
			isa = PBXNativeTarget;
			buildConfigurationList = 272B4F3B1C99FB5400F91A37 /* Build configuration list for PBXNativeTarget "ArtistTests" */;
			buildPhases = (
				272B4F201C99FB5400F91A37 /* Sources */,
				272B4F211C99FB5400F91A37 /* Frameworks */,
				272B4F221C99FB5400F91A37 /* Resources */,
			);
			buildRules = (
			);
			dependencies = (
				272B4F261C99FB5400F91A37 /* PBXTargetDependency */,
			);
			name = ArtistTests;
			productName = ArtistTests;
			productReference = 272B4F241C99FB5400F91A37 /* ArtistTests.xctest */;
			productType = "com.apple.product-type.bundle.unit-test";
		};
		272B4F2E1C99FB5400F91A37 /* ArtistUITests */ = {
			isa = PBXNativeTarget;
			buildConfigurationList = 272B4F3E1C99FB5400F91A37 /* Build configuration list for PBXNativeTarget "ArtistUITests" */;
			buildPhases = (
				272B4F2B1C99FB5400F91A37 /* Sources */,
				272B4F2C1C99FB5400F91A37 /* Frameworks */,
				272B4F2D1C99FB5400F91A37 /* Resources */,
			);
			buildRules = (
			);
			dependencies = (
				272B4F311C99FB5400F91A37 /* PBXTargetDependency */,
			);
			name = ArtistUITests;
			productName = ArtistUITests;
			productReference = 272B4F2F1C99FB5400F91A37 /* ArtistUITests.xctest */;
			productType = "com.apple.product-type.bundle.ui-testing";
		};
/* End PBXNativeTarget section */

/* Begin PBXProject section */
		272B4F031C99FB5400F91A37 /* Project object */ = {
			isa = PBXProject;
			attributes = {
				LastUpgradeCheck = 0720;
				ORGANIZATIONNAME = "Yingwei Fan";
				TargetAttributes = {
					272B4F0A1C99FB5400F91A37 = {
						CreatedOnToolsVersion = 7.2.1;
						DevelopmentTeam = M4YWTY9R92;
					};
					272B4F231C99FB5400F91A37 = {
						CreatedOnToolsVersion = 7.2.1;
						DevelopmentTeam = M4YWTY9R92;
						TestTargetID = 272B4F0A1C99FB5400F91A37;
					};
					272B4F2E1C99FB5400F91A37 = {
						CreatedOnToolsVersion = 7.2.1;
						DevelopmentTeam = M4YWTY9R92;
						TestTargetID = 272B4F0A1C99FB5400F91A37;
					};
				};
			};
			buildConfigurationList = 272B4F061C99FB5400F91A37 /* Build configuration list for PBXProject "Artist" */;
			compatibilityVersion = "Xcode 3.2";
			developmentRegion = English;
			hasScannedForEncodings = 0;
			knownRegions = (
				en,
				Base,
			);
			mainGroup = 272B4F021C99FB5400F91A37;
			productRefGroup = 272B4F0C1C99FB5400F91A37 /* Products */;
			projectDirPath = "";
			projectRoot = "";
			targets = (
				272B4F0A1C99FB5400F91A37 /* Artist */,
				272B4F231C99FB5400F91A37 /* ArtistTests */,
				272B4F2E1C99FB5400F91A37 /* ArtistUITests */,
			);
		};
/* End PBXProject section */

/* Begin PBXResourcesBuildPhase section */
		272B4F091C99FB5400F91A37 /* Resources */ = {
			isa = PBXResourcesBuildPhase;
			buildActionMask = 2147483647;
			files = (
				272B4F1E1C99FB5400F91A37 /* LaunchScreen.storyboard in Resources */,
				272B4F1B1C99FB5400F91A37 /* Assets.xcassets in Resources */,
				272B4F191C99FB5400F91A37 /* Main.storyboard in Resources */,
				272B4F4F1C9A046B00F91A37 /* articles.plist in Resources */,
				272B4F6D1C9C8C1F00F91A37 /* detailArticles.plist in Resources */,
			);
			runOnlyForDeploymentPostprocessing = 0;
		};
		272B4F221C99FB5400F91A37 /* Resources */ = {
			isa = PBXResourcesBuildPhase;
			buildActionMask = 2147483647;
			files = (
			);
			runOnlyForDeploymentPostprocessing = 0;
		};
		272B4F2D1C99FB5400F91A37 /* Resources */ = {
			isa = PBXResourcesBuildPhase;
			buildActionMask = 2147483647;
			files = (
			);
			runOnlyForDeploymentPostprocessing = 0;
		};
/* End PBXResourcesBuildPhase section */

/* Begin PBXSourcesBuildPhase section */
		272B4F071C99FB5400F91A37 /* Sources */ = {
			isa = PBXSourcesBuildPhase;
			buildActionMask = 2147483647;
			files = (
				272B4F491C99FCE800F91A37 /* ViewController.m in Sources */,
				272B503B1C9F497100F91A37 /* YFArticleListViewController.m in Sources */,
				272B4F101C99FB5400F91A37 /* main.m in Sources */,
				272B4F651C9B484300F91A37 /* YFArticleViewController.m in Sources */,
				272B4F551C9A5F2E00F91A37 /* YFSliderView.m in Sources */,
				272B4F4A1C99FCE800F91A37 /* AppDelegate.m in Sources */,
				272B4F4D1C9A02D100F91A37 /* YFArticleModel.m in Sources */,
				272B4F521C9A09DC00F91A37 /* YFArticleCell.m in Sources */,
				272B4F6B1C9C7DC700F91A37 /* YFDetailArticleModel.m in Sources */,
			);
			runOnlyForDeploymentPostprocessing = 0;
		};
		272B4F201C99FB5400F91A37 /* Sources */ = {
			isa = PBXSourcesBuildPhase;
			buildActionMask = 2147483647;
			files = (
				272B4F291C99FB5400F91A37 /* ArtistTests.m in Sources */,
			);
			runOnlyForDeploymentPostprocessing = 0;
		};
		272B4F2B1C99FB5400F91A37 /* Sources */ = {
			isa = PBXSourcesBuildPhase;
			buildActionMask = 2147483647;
			files = (
				272B4F341C99FB5400F91A37 /* ArtistUITests.m in Sources */,
			);
			runOnlyForDeploymentPostprocessing = 0;
		};
/* End PBXSourcesBuildPhase section */

/* Begin PBXTargetDependency section */
		272B4F261C99FB5400F91A37 /* PBXTargetDependency */ = {
			isa = PBXTargetDependency;
			target = 272B4F0A1C99FB5400F91A37 /* Artist */;
			targetProxy = 272B4F251C99FB5400F91A37 /* PBXContainerItemProxy */;
		};
		272B4F311C99FB5400F91A37 /* PBXTargetDependency */ = {
			isa = PBXTargetDependency;
			target = 272B4F0A1C99FB5400F91A37 /* Artist */;
			targetProxy = 272B4F301C99FB5400F91A37 /* PBXContainerItemProxy */;
		};
/* End PBXTargetDependency section */

/* Begin PBXVariantGroup section */
		272B4F171C99FB5400F91A37 /* Main.storyboard */ = {
			isa = PBXVariantGroup;
			children = (
				272B4F181C99FB5400F91A37 /* Base */,
			);
			name = Main.storyboard;
			sourceTree = "<group>";
		};
		272B4F1C1C99FB5400F91A37 /* LaunchScreen.storyboard */ = {
			isa = PBXVariantGroup;
			children = (
				272B4F1D1C99FB5400F91A37 /* Base */,
			);
			name = LaunchScreen.storyboard;
			sourceTree = "<group>";
		};
/* End PBXVariantGroup section */

/* Begin XCBuildConfiguration section */
		272B4F361C99FB5400F91A37 /* Debug */ = {
			isa = XCBuildConfiguration;
			buildSettings = {
				ALWAYS_SEARCH_USER_PATHS = NO;
				CLANG_CXX_LANGUAGE_STANDARD = "gnu++0x";
				CLANG_CXX_LIBRARY = "libc++";
				CLANG_ENABLE_MODULES = YES;
				CLANG_ENABLE_OBJC_ARC = YES;
				CLANG_WARN_BOOL_CONVERSION = YES;
				CLANG_WARN_CONSTANT_CONVERSION = YES;
				CLANG_WARN_DIRECT_OBJC_ISA_USAGE = YES_ERROR;
				CLANG_WARN_EMPTY_BODY = YES;
				CLANG_WARN_ENUM_CONVERSION = YES;
				CLANG_WARN_INT_CONVERSION = YES;
				CLANG_WARN_OBJC_ROOT_CLASS = YES_ERROR;
				CLANG_WARN_UNREACHABLE_CODE = YES;
				CLANG_WARN__DUPLICATE_METHOD_MATCH = YES;
				"CODE_SIGN_IDENTITY[sdk=iphoneos*]" = "iPhone Developer";
				COPY_PHASE_STRIP = NO;
				DEBUG_INFORMATION_FORMAT = dwarf;
				ENABLE_STRICT_OBJC_MSGSEND = YES;
				ENABLE_TESTABILITY = YES;
				GCC_C_LANGUAGE_STANDARD = gnu99;
				GCC_DYNAMIC_NO_PIC = NO;
				GCC_NO_COMMON_BLOCKS = YES;
				GCC_OPTIMIZATION_LEVEL = 0;
				GCC_PREPROCESSOR_DEFINITIONS = (
					"DEBUG=1",
					"$(inherited)",
				);
				GCC_WARN_64_TO_32_BIT_CONVERSION = YES;
				GCC_WARN_ABOUT_RETURN_TYPE = YES_ERROR;
				GCC_WARN_UNDECLARED_SELECTOR = YES;
				GCC_WARN_UNINITIALIZED_AUTOS = YES_AGGRESSIVE;
				GCC_WARN_UNUSED_FUNCTION = YES;
				GCC_WARN_UNUSED_VARIABLE = YES;
				IPHONEOS_DEPLOYMENT_TARGET = 9.2;
				MTL_ENABLE_DEBUG_INFO = YES;
				ONLY_ACTIVE_ARCH = YES;
				SDKROOT = iphoneos;
			};
			name = Debug;
		};
		272B4F371C99FB5400F91A37 /* Release */ = {
			isa = XCBuildConfiguration;
			buildSettings = {
				ALWAYS_SEARCH_USER_PATHS = NO;
				CLANG_CXX_LANGUAGE_STANDARD = "gnu++0x";
				CLANG_CXX_LIBRARY = "libc++";
				CLANG_ENABLE_MODULES = YES;
				CLANG_ENABLE_OBJC_ARC = YES;
				CLANG_WARN_BOOL_CONVERSION = YES;
				CLANG_WARN_CONSTANT_CONVERSION = YES;
				CLANG_WARN_DIRECT_OBJC_ISA_USAGE = YES_ERROR;
				CLANG_WARN_EMPTY_BODY = YES;
				CLANG_WARN_ENUM_CONVERSION = YES;
				CLANG_WARN_INT_CONVERSION = YES;
				CLANG_WARN_OBJC_ROOT_CLASS = YES_ERROR;
				CLANG_WARN_UNREACHABLE_CODE = YES;
				CLANG_WARN__DUPLICATE_METHOD_MATCH = YES;
				"CODE_SIGN_IDENTITY[sdk=iphoneos*]" = "iPhone Developer";
				COPY_PHASE_STRIP = NO;
				DEBUG_INFORMATION_FORMAT = "dwarf-with-dsym";
				ENABLE_NS_ASSERTIONS = NO;
				ENABLE_STRICT_OBJC_MSGSEND = YES;
				GCC_C_LANGUAGE_STANDARD = gnu99;
				GCC_NO_COMMON_BLOCKS = YES;
				GCC_WARN_64_TO_32_BIT_CONVERSION = YES;
				GCC_WARN_ABOUT_RETURN_TYPE = YES_ERROR;
				GCC_WARN_UNDECLARED_SELECTOR = YES;
				GCC_WARN_UNINITIALIZED_AUTOS = YES_AGGRESSIVE;
				GCC_WARN_UNUSED_FUNCTION = YES;
				GCC_WARN_UNUSED_VARIABLE = YES;
				IPHONEOS_DEPLOYMENT_TARGET = 9.2;
				MTL_ENABLE_DEBUG_INFO = NO;
				SDKROOT = iphoneos;
				VALIDATE_PRODUCT = YES;
			};
			name = Release;
		};
		272B4F391C99FB5400F91A37 /* Debug */ = {
			isa = XCBuildConfiguration;
			buildSettings = {
				ASSETCATALOG_COMPILER_APPICON_NAME = AppIcon;
				INFOPLIST_FILE = Artist/Info.plist;
				LD_RUNPATH_SEARCH_PATHS = "$(inherited) @executable_path/Frameworks";
				PRODUCT_BUNDLE_IDENTIFIER = YF.Artist;
				PRODUCT_NAME = "$(TARGET_NAME)";
			};
			name = Debug;
		};
		272B4F3A1C99FB5400F91A37 /* Release */ = {
			isa = XCBuildConfiguration;
			buildSettings = {
				ASSETCATALOG_COMPILER_APPICON_NAME = AppIcon;
				INFOPLIST_FILE = Artist/Info.plist;
				LD_RUNPATH_SEARCH_PATHS = "$(inherited) @executable_path/Frameworks";
				PRODUCT_BUNDLE_IDENTIFIER = YF.Artist;
				PRODUCT_NAME = "$(TARGET_NAME)";
			};
			name = Release;
		};
		272B4F3C1C99FB5400F91A37 /* Debug */ = {
			isa = XCBuildConfiguration;
			buildSettings = {
				BUNDLE_LOADER = "$(TEST_HOST)";
				INFOPLIST_FILE = ArtistTests/Info.plist;
				LD_RUNPATH_SEARCH_PATHS = "$(inherited) @executable_path/Frameworks @loader_path/Frameworks";
				PRODUCT_BUNDLE_IDENTIFIER = YF.ArtistTests;
				PRODUCT_NAME = "$(TARGET_NAME)";
				TEST_HOST = "$(BUILT_PRODUCTS_DIR)/Artist.app/Artist";
			};
			name = Debug;
		};
		272B4F3D1C99FB5400F91A37 /* Release */ = {
			isa = XCBuildConfiguration;
			buildSettings = {
				BUNDLE_LOADER = "$(TEST_HOST)";
				INFOPLIST_FILE = ArtistTests/Info.plist;
				LD_RUNPATH_SEARCH_PATHS = "$(inherited) @executable_path/Frameworks @loader_path/Frameworks";
				PRODUCT_BUNDLE_IDENTIFIER = YF.ArtistTests;
				PRODUCT_NAME = "$(TARGET_NAME)";
				TEST_HOST = "$(BUILT_PRODUCTS_DIR)/Artist.app/Artist";
			};
			name = Release;
		};
		272B4F3F1C99FB5400F91A37 /* Debug */ = {
			isa = XCBuildConfiguration;
			buildSettings = {
				INFOPLIST_FILE = ArtistUITests/Info.plist;
				LD_RUNPATH_SEARCH_PATHS = "$(inherited) @executable_path/Frameworks @loader_path/Frameworks";
				PRODUCT_BUNDLE_IDENTIFIER = YF.ArtistUITests;
				PRODUCT_NAME = "$(TARGET_NAME)";
				TEST_TARGET_NAME = Artist;
				USES_XCTRUNNER = YES;
			};
			name = Debug;
		};
		272B4F401C99FB5400F91A37 /* Release */ = {
			isa = XCBuildConfiguration;
			buildSettings = {
				INFOPLIST_FILE = ArtistUITests/Info.plist;
				LD_RUNPATH_SEARCH_PATHS = "$(inherited) @executable_path/Frameworks @loader_path/Frameworks";
				PRODUCT_BUNDLE_IDENTIFIER = YF.ArtistUITests;
				PRODUCT_NAME = "$(TARGET_NAME)";
				TEST_TARGET_NAME = Artist;
				USES_XCTRUNNER = YES;
			};
			name = Release;
		};
/* End XCBuildConfiguration section */

/* Begin XCConfigurationList section */
		272B4F061C99FB5400F91A37 /* Build configuration list for PBXProject "Artist" */ = {
			isa = XCConfigurationList;
			buildConfigurations = (
				272B4F361C99FB5400F91A37 /* Debug */,
				272B4F371C99FB5400F91A37 /* Release */,
			);
			defaultConfigurationIsVisible = 0;
			defaultConfigurationName = Release;
		};
		272B4F381C99FB5400F91A37 /* Build configuration list for PBXNativeTarget "Artist" */ = {
			isa = XCConfigurationList;
			buildConfigurations = (
				272B4F391C99FB5400F91A37 /* Debug */,
				272B4F3A1C99FB5400F91A37 /* Release */,
			);
			defaultConfigurationIsVisible = 0;
			defaultConfigurationName = Release;
		};
		272B4F3B1C99FB5400F91A37 /* Build configuration list for PBXNativeTarget "ArtistTests" */ = {
			isa = XCConfigurationList;
			buildConfigurations = (
				272B4F3C1C99FB5400F91A37 /* Debug */,
				272B4F3D1C99FB5400F91A37 /* Release */,
			);
			defaultConfigurationIsVisible = 0;
			defaultConfigurationName = Release;
		};
		272B4F3E1C99FB5400F91A37 /* Build configuration list for PBXNativeTarget "ArtistUITests" */ = {
			isa = XCConfigurationList;
			buildConfigurations = (
				272B4F3F1C99FB5400F91A37 /* Debug */,
				272B4F401C99FB5400F91A37 /* Release */,
			);
			defaultConfigurationIsVisible = 0;
			defaultConfigurationName = Release;
		};
/* End XCConfigurationList section */
	};
	rootObject = 272B4F031C99FB5400F91A37 /* Project object */;
}
